
Microsoft Visual Studio Solution File, Format Version 12.00
# Visual Studio 15
VisualStudioVersion = 15.0.28307.136
MinimumVisualStudioVersion = 10.0.40219.1
Project("{9A19103F-16F7-4668-BE54-9A1E7A4F7556}") = "TB.EmailSubscriberWebApp", "TB.EmailSubscriberWebApp\TB.EmailSubscriberWebApp.csproj", "{25ED73EC-8055-4618-9364-460370FDB5D1}"
EndProject
Project("{9A19103F-16F7-4668-BE54-9A1E7A4F7556}") = "TB.EmailSubscriberAPI", "TB.EmailSubscriberAPI\TB.EmailSubscriberAPI.csproj", "{DE4DC6E0-EE7A-4BD0-A3A8-2DA7BC288EDE}"
EndProject
Project("{9A19103F-16F7-4668-BE54-9A1E7A4F7556}") = "TB.EmailSubscriber.Persistence", "TB.EmailSubscriberPersistance\TB.EmailSubscriber.Persistence.csproj", "{7C66A3FF-DCD6-4705-BFF1-0583FBC7B4CF}"
EndProject
Project("{9A19103F-16F7-4668-BE54-9A1E7A4F7556}") = "TB.EmailSubscriber.Models", "TB.EmailSubscriber.Models\TB.EmailSubscriber.Models.csproj", "{B163E47E-F5F6-4D36-A733-1C4C7D914E6B}"
EndProject
Project("{9A19103F-16F7-4668-BE54-9A1E7A4F7556}") = "TB.EmailSubscriber.EmailDistributor", "TB.EmailSubscriber.EmailDistributor\TB.EmailSubscriber.EmailDistributor.csproj", "{8BED48CA-24A7-4EDF-AF4E-484A1124C23F}"
EndProject
Project("{9A19103F-16F7-4668-BE54-9A1E7A4F7556}") = "TB.EmailSubscriber.TokenGenerator", "TB.EmailSubscriber.TokenGenerator\TB.EmailSubscriber.TokenGenerator.csproj", "{330DC990-CEFE-4354-9FF5-945529578BD4}"
EndProject
Project("{FAE04EC0-301F-11D3-BF4B-00C04F79EFBC}") = "TB.EmailSubscriber.Tests", "TB.EmailSubscriber.Tests\TB.EmailSubscriber.Tests.csproj", "{7B8C9B13-BB49-42E1-B495-78D3F435D268}"
EndProject
Global
	GlobalSection(SolutionConfigurationPlatforms) = preSolution
		Debug|Any CPU = Debug|Any CPU
		Release|Any CPU = Release|Any CPU
	EndGlobalSection
	GlobalSection(ProjectConfigurationPlatforms) = postSolution
		{25ED73EC-8055-4618-9364-460370FDB5D1}.Debug|Any CPU.ActiveCfg = Debug|Any CPU
		{25ED73EC-8055-4618-9364-460370FDB5D1}.Debug|Any CPU.Build.0 = Debug|Any CPU
		{25ED73EC-8055-4618-9364-460370FDB5D1}.Release|Any CPU.ActiveCfg = Release|Any CPU
		{25ED73EC-8055-4618-9364-460370FDB5D1}.Release|Any CPU.Build.0 = Release|Any CPU
		{DE4DC6E0-EE7A-4BD0-A3A8-2DA7BC288EDE}.Debug|Any CPU.ActiveCfg = Debug|Any CPU
		{DE4DC6E0-EE7A-4BD0-A3A8-2DA7BC288EDE}.Debug|Any CPU.Build.0 = Debug|Any CPU
		{DE4DC6E0-EE7A-4BD0-A3A8-2DA7BC288EDE}.Release|Any CPU.ActiveCfg = Release|Any CPU
		{DE4DC6E0-EE7A-4BD0-A3A8-2DA7BC288EDE}.Release|Any CPU.Build.0 = Release|Any CPU
		{7C66A3FF-DCD6-4705-BFF1-0583FBC7B4CF}.Debug|Any CPU.ActiveCfg = Debug|Any CPU
		{7C66A3FF-DCD6-4705-BFF1-0583FBC7B4CF}.Debug|Any CPU.Build.0 = Debug|Any CPU
		{7C66A3FF-DCD6-4705-BFF1-0583FBC7B4CF}.Release|Any CPU.ActiveCfg = Release|Any CPU
		{7C66A3FF-DCD6-4705-BFF1-0583FBC7B4CF}.Release|Any CPU.Build.0 = Release|Any CPU
		{B163E47E-F5F6-4D36-A733-1C4C7D914E6B}.Debug|Any CPU.ActiveCfg = Debug|Any CPU
		{B163E47E-F5F6-4D36-A733-1C4C7D914E6B}.Debug|Any CPU.Build.0 = Debug|Any CPU
		{B163E47E-F5F6-4D36-A733-1C4C7D914E6B}.Release|Any CPU.ActiveCfg = Release|Any CPU
		{B163E47E-F5F6-4D36-A733-1C4C7D914E6B}.Release|Any CPU.Build.0 = Release|Any CPU
		{8BED48CA-24A7-4EDF-AF4E-484A1124C23F}.Debug|Any CPU.ActiveCfg = Debug|Any CPU
		{8BED48CA-24A7-4EDF-AF4E-484A1124C23F}.Debug|Any CPU.Build.0 = Debug|Any CPU
		{8BED48CA-24A7-4EDF-AF4E-484A1124C23F}.Release|Any CPU.ActiveCfg = Release|Any CPU
		{8BED48CA-24A7-4EDF-AF4E-484A1124C23F}.Release|Any CPU.Build.0 = Release|Any CPU
		{330DC990-CEFE-4354-9FF5-945529578BD4}.Debug|Any CPU.ActiveCfg = Debug|Any CPU
		{330DC990-CEFE-4354-9FF5-945529578BD4}.Debug|Any CPU.Build.0 = Debug|Any CPU
		{330DC990-CEFE-4354-9FF5-945529578BD4}.Release|Any CPU.ActiveCfg = Release|Any CPU
		{330DC990-CEFE-4354-9FF5-945529578BD4}.Release|Any CPU.Build.0 = Release|Any CPU
		{7B8C9B13-BB49-42E1-B495-78D3F435D268}.Debug|Any CPU.ActiveCfg = Debug|Any CPU
		{7B8C9B13-BB49-42E1-B495-78D3F435D268}.Debug|Any CPU.Build.0 = Debug|Any CPU
		{7B8C9B13-BB49-42E1-B495-78D3F435D268}.Release|Any CPU.ActiveCfg = Release|Any CPU
		{7B8C9B13-BB49-42E1-B495-78D3F435D268}.Release|Any CPU.Build.0 = Release|Any CPU
	EndGlobalSection
	GlobalSection(SolutionProperties) = preSolution
		HideSolutionNode = FALSE
	EndGlobalSection
	GlobalSection(ExtensibilityGlobals) = postSolution
		SolutionGuid = {DDEE5C50-D22E-4F7D-AB23-C74BED39B434}
	EndGlobalSection
EndGlobal
